
Microsoft Visual Studio Solution File, Format Version 12.00
# Visual Studio Version 17
VisualStudioVersion = 17.6.33815.320
MinimumVisualStudioVersion = 10.0.40219.1
Project("{FAE04EC0-301F-11D3-BF4B-00C04F79EFBC}") = "DapperDbHandler", "DapperDbHandler\DapperDbHandler.csproj", "{BA80B048-1D92-4B37-ABE4-7A77A4CBC98A}"
EndProject
Global
	GlobalSection(SolutionConfigurationPlatforms) = preSolution
		Debug|Any CPU = Debug|Any CPU
		Release|Any CPU = Release|Any CPU
	EndGlobalSection
	GlobalSection(ProjectConfigurationPlatforms) = postSolution
		{BA80B048-1D92-4B37-ABE4-7A77A4CBC98A}.Debug|Any CPU.ActiveCfg = Debug|Any CPU
		{BA80B048-1D92-4B37-ABE4-7A77A4CBC98A}.Debug|Any CPU.Build.0 = Debug|Any CPU
		{BA80B048-1D92-4B37-ABE4-7A77A4CBC98A}.Release|Any CPU.ActiveCfg = Release|Any CPU
		{BA80B048-1D92-4B37-ABE4-7A77A4CBC98A}.Release|Any CPU.Build.0 = Release|Any CPU
	EndGlobalSection
	GlobalSection(SolutionProperties) = preSolution
		HideSolutionNode = FALSE
	EndGlobalSection
	GlobalSection(ExtensibilityGlobals) = postSolution
		SolutionGuid = {4D2FF5DA-721D-43C3-B74F-607BE54E4955}
	EndGlobalSection
EndGlobal
